// !$*UTF8*$!
{
	archiveVersion = 1;
	classes = {
	};
	objectVersion = 50;
	objects = {

/* Begin PBXBuildFile section */
		3567BBE024B4A9BF009C6F14 /* AppDelegate.swift in Sources */ = {isa = PBXBuildFile; fileRef = 3567BBDF24B4A9BF009C6F14 /* AppDelegate.swift */; };
		3567BBE224B4A9BF009C6F14 /* SceneDelegate.swift in Sources */ = {isa = PBXBuildFile; fileRef = 3567BBE124B4A9BF009C6F14 /* SceneDelegate.swift */; };
		3567BBE424B4A9BF009C6F14 /* ViewController.swift in Sources */ = {isa = PBXBuildFile; fileRef = 3567BBE324B4A9BF009C6F14 /* ViewController.swift */; };
		3567BBE724B4A9BF009C6F14 /* Main.storyboard in Resources */ = {isa = PBXBuildFile; fileRef = 3567BBE524B4A9BF009C6F14 /* Main.storyboard */; };
		3567BBE924B4A9C4009C6F14 /* Assets.xcassets in Resources */ = {isa = PBXBuildFile; fileRef = 3567BBE824B4A9C4009C6F14 /* Assets.xcassets */; };
		3567BBEC24B4A9C4009C6F14 /* LaunchScreen.storyboard in Resources */ = {isa = PBXBuildFile; fileRef = 3567BBEA24B4A9C4009C6F14 /* LaunchScreen.storyboard */; };
		3567BBF624B4B043009C6F14 /* RecordWhistleViewController.swift in Sources */ = {isa = PBXBuildFile; fileRef = 3567BBF524B4B043009C6F14 /* RecordWhistleViewController.swift */; };
		3567BBF824B72C73009C6F14 /* SelectGenreViewController.swift in Sources */ = {isa = PBXBuildFile; fileRef = 3567BBF724B72C73009C6F14 /* SelectGenreViewController.swift */; };
		3567BBFA24B73386009C6F14 /* AddCommentsViewController.swift in Sources */ = {isa = PBXBuildFile; fileRef = 3567BBF924B73386009C6F14 /* AddCommentsViewController.swift */; };
		3567BBFC24B7371F009C6F14 /* SubmitViewController.swift in Sources */ = {isa = PBXBuildFile; fileRef = 3567BBFB24B7371F009C6F14 /* SubmitViewController.swift */; };
/* End PBXBuildFile section */

/* Begin PBXFileReference section */
		3567BBDC24B4A9BF009C6F14 /* What'sThatWhistle?.app */ = {isa = PBXFileReference; explicitFileType = wrapper.application; includeInIndex = 0; path = "What'sThatWhistle?.app"; sourceTree = BUILT_PRODUCTS_DIR; };
		3567BBDF24B4A9BF009C6F14 /* AppDelegate.swift */ = {isa = PBXFileReference; lastKnownFileType = sourcecode.swift; path = AppDelegate.swift; sourceTree = "<group>"; };
		3567BBE124B4A9BF009C6F14 /* SceneDelegate.swift */ = {isa = PBXFileReference; lastKnownFileType = sourcecode.swift; path = SceneDelegate.swift; sourceTree = "<group>"; };
		3567BBE324B4A9BF009C6F14 /* ViewController.swift */ = {isa = PBXFileReference; lastKnownFileType = sourcecode.swift; path = ViewController.swift; sourceTree = "<group>"; };
		3567BBE624B4A9BF009C6F14 /* Base */ = {isa = PBXFileReference; lastKnownFileType = file.storyboard; name = Base; path = Base.lproj/Main.storyboard; sourceTree = "<group>"; };
		3567BBE824B4A9C4009C6F14 /* Assets.xcassets */ = {isa = PBXFileReference; lastKnownFileType = folder.assetcatalog; path = Assets.xcassets; sourceTree = "<group>"; };
		3567BBEB24B4A9C4009C6F14 /* Base */ = {isa = PBXFileReference; lastKnownFileType = file.storyboard; name = Base; path = Base.lproj/LaunchScreen.storyboard; sourceTree = "<group>"; };
		3567BBED24B4A9C4009C6F14 /* Info.plist */ = {isa = PBXFileReference; lastKnownFileType = text.plist.xml; path = Info.plist; sourceTree = "<group>"; };
		3567BBF524B4B043009C6F14 /* RecordWhistleViewController.swift */ = {isa = PBXFileReference; lastKnownFileType = sourcecode.swift; path = RecordWhistleViewController.swift; sourceTree = SOURCE_ROOT; };
		3567BBF724B72C73009C6F14 /* SelectGenreViewController.swift */ = {isa = PBXFileReference; lastKnownFileType = sourcecode.swift; path = SelectGenreViewController.swift; sourceTree = "<group>"; };
		3567BBF924B73386009C6F14 /* AddCommentsViewController.swift */ = {isa = PBXFileReference; lastKnownFileType = sourcecode.swift; path = AddCommentsViewController.swift; sourceTree = "<group>"; };
		3567BBFB24B7371F009C6F14 /* SubmitViewController.swift */ = {isa = PBXFileReference; lastKnownFileType = sourcecode.swift; path = SubmitViewController.swift; sourceTree = "<group>"; };
/* End PBXFileReference section */

/* Begin PBXFrameworksBuildPhase section */
		3567BBD924B4A9BF009C6F14 /* Frameworks */ = {
			isa = PBXFrameworksBuildPhase;
			buildActionMask = 2147483647;
			files = (
			);
			runOnlyForDeploymentPostprocessing = 0;
		};
/* End PBXFrameworksBuildPhase section */

/* Begin PBXGroup section */
		3567BBD324B4A9BF009C6F14 = {
			isa = PBXGroup;
			children = (
				3567BBDE24B4A9BF009C6F14 /* What'sThatWhistle? */,
				3567BBDD24B4A9BF009C6F14 /* Products */,
			);
			sourceTree = "<group>";
		};
		3567BBDD24B4A9BF009C6F14 /* Products */ = {
			isa = PBXGroup;
			children = (
				3567BBDC24B4A9BF009C6F14 /* What'sThatWhistle?.app */,
			);
			name = Products;
			sourceTree = "<group>";
		};
		3567BBDE24B4A9BF009C6F14 /* What'sThatWhistle? */ = {
			isa = PBXGroup;
			children = (
				3567BBDF24B4A9BF009C6F14 /* AppDelegate.swift */,
				3567BBE124B4A9BF009C6F14 /* SceneDelegate.swift */,
				3567BBE324B4A9BF009C6F14 /* ViewController.swift */,
				3567BBF924B73386009C6F14 /* AddCommentsViewController.swift */,
				3567BBF524B4B043009C6F14 /* RecordWhistleViewController.swift */,
				3567BBFB24B7371F009C6F14 /* SubmitViewController.swift */,
				3567BBF724B72C73009C6F14 /* SelectGenreViewController.swift */,
				3567BBE524B4A9BF009C6F14 /* Main.storyboard */,
				3567BBE824B4A9C4009C6F14 /* Assets.xcassets */,
				3567BBEA24B4A9C4009C6F14 /* LaunchScreen.storyboard */,
				3567BBED24B4A9C4009C6F14 /* Info.plist */,
			);
			path = "What'sThatWhistle?";
			sourceTree = "<group>";
		};
/* End PBXGroup section */

/* Begin PBXNativeTarget section */
		3567BBDB24B4A9BF009C6F14 /* What'sThatWhistle? */ = {
			isa = PBXNativeTarget;
			buildConfigurationList = 3567BBF024B4A9C4009C6F14 /* Build configuration list for PBXNativeTarget "What'sThatWhistle?" */;
			buildPhases = (
				3567BBD824B4A9BF009C6F14 /* Sources */,
				3567BBD924B4A9BF009C6F14 /* Frameworks */,
				3567BBDA24B4A9BF009C6F14 /* Resources */,
			);
			buildRules = (
			);
			dependencies = (
			);
			name = "What'sThatWhistle?";
			productName = "What'sThatWhistle?";
			productReference = 3567BBDC24B4A9BF009C6F14 /* What'sThatWhistle?.app */;
			productType = "com.apple.product-type.application";
		};
/* End PBXNativeTarget section */

/* Begin PBXProject section */
		3567BBD424B4A9BF009C6F14 /* Project object */ = {
			isa = PBXProject;
			attributes = {
				LastSwiftUpdateCheck = 1150;
				LastUpgradeCheck = 1150;
				ORGANIZATIONNAME = "Dmitry Reshetnik";
				TargetAttributes = {
					3567BBDB24B4A9BF009C6F14 = {
						CreatedOnToolsVersion = 11.5;
					};
				};
			};
			buildConfigurationList = 3567BBD724B4A9BF009C6F14 /* Build configuration list for PBXProject "What'sThatWhistle?" */;
			compatibilityVersion = "Xcode 9.3";
			developmentRegion = en;
			hasScannedForEncodings = 0;
			knownRegions = (
				en,
				Base,
			);
			mainGroup = 3567BBD324B4A9BF009C6F14;
			productRefGroup = 3567BBDD24B4A9BF009C6F14 /* Products */;
			projectDirPath = "";
			projectRoot = "";
			targets = (
				3567BBDB24B4A9BF009C6F14 /* What'sThatWhistle? */,
			);
		};
/* End PBXProject section */

/* Begin PBXResourcesBuildPhase section */
		3567BBDA24B4A9BF009C6F14 /* Resources */ = {
			isa = PBXResourcesBuildPhase;
			buildActionMask = 2147483647;
			files = (
				3567BBEC24B4A9C4009C6F14 /* LaunchScreen.storyboard in Resources */,
				3567BBE924B4A9C4009C6F14 /* Assets.xcassets in Resources */,
				3567BBE724B4A9BF009C6F14 /* Main.storyboard in Resources */,
			);
			runOnlyForDeploymentPostprocessing = 0;
		};
/* End PBXResourcesBuildPhase section */

/* Begin PBXSourcesBuildPhase section */
		3567BBD824B4A9BF009C6F14 /* Sources */ = {
			isa = PBXSourcesBuildPhase;
			buildActionMask = 2147483647;
			files = (
				3567BBFC24B7371F009C6F14 /* SubmitViewController.swift in Sources */,
				3567BBE424B4A9BF009C6F14 /* ViewController.swift in Sources */,
				3567BBE024B4A9BF009C6F14 /* AppDelegate.swift in Sources */,
				3567BBF824B72C73009C6F14 /* SelectGenreViewController.swift in Sources */,
				3567BBF624B4B043009C6F14 /* RecordWhistleViewController.swift in Sources */,
				3567BBFA24B73386009C6F14 /* AddCommentsViewController.swift in Sources */,
				3567BBE224B4A9BF009C6F14 /* SceneDelegate.swift in Sources */,
			);
			runOnlyForDeploymentPostprocessing = 0;
		};
/* End PBXSourcesBuildPhase section */

/* Begin PBXVariantGroup section */
		3567BBE524B4A9BF009C6F14 /* Main.storyboard */ = {
			isa = PBXVariantGroup;
			children = (
				3567BBE624B4A9BF009C6F14 /* Base */,
			);
			name = Main.storyboard;
			sourceTree = "<group>";
		};
		3567BBEA24B4A9C4009C6F14 /* LaunchScreen.storyboard */ = {
			isa = PBXVariantGroup;
			children = (
				3567BBEB24B4A9C4009C6F14 /* Base */,
			);
			name = LaunchScreen.storyboard;
			sourceTree = "<group>";
		};
/* End PBXVariantGroup section */

/* Begin XCBuildConfiguration section */
		3567BBEE24B4A9C4009C6F14 /* Debug */ = {
			isa = XCBuildConfiguration;
			buildSettings = {
				ALWAYS_SEARCH_USER_PATHS = NO;
				CLANG_ANALYZER_NONNULL = YES;
				CLANG_ANALYZER_NUMBER_OBJECT_CONVERSION = YES_AGGRESSIVE;
				CLANG_CXX_LANGUAGE_STANDARD = "gnu++14";
				CLANG_CXX_LIBRARY = "libc++";
				CLANG_ENABLE_MODULES = YES;
				CLANG_ENABLE_OBJC_ARC = YES;
				CLANG_ENABLE_OBJC_WEAK = YES;
				CLANG_WARN_BLOCK_CAPTURE_AUTORELEASING = YES;
				CLANG_WARN_BOOL_CONVERSION = YES;
				CLANG_WARN_COMMA = YES;
				CLANG_WARN_CONSTANT_CONVERSION = YES;
				CLANG_WARN_DEPRECATED_OBJC_IMPLEMENTATIONS = YES;
				CLANG_WARN_DIRECT_OBJC_ISA_USAGE = YES_ERROR;
				CLANG_WARN_DOCUMENTATION_COMMENTS = YES;
				CLANG_WARN_EMPTY_BODY = YES;
				CLANG_WARN_ENUM_CONVERSION = YES;
				CLANG_WARN_INFINITE_RECURSION = YES;
				CLANG_WARN_INT_CONVERSION = YES;
				CLANG_WARN_NON_LITERAL_NULL_CONVERSION = YES;
				CLANG_WARN_OBJC_IMPLICIT_RETAIN_SELF = YES;
				CLANG_WARN_OBJC_LITERAL_CONVERSION = YES;
				CLANG_WARN_OBJC_ROOT_CLASS = YES_ERROR;
				CLANG_WARN_RANGE_LOOP_ANALYSIS = YES;
				CLANG_WARN_STRICT_PROTOTYPES = YES;
				CLANG_WARN_SUSPICIOUS_MOVE = YES;
				CLANG_WARN_UNGUARDED_AVAILABILITY = YES_AGGRESSIVE;
				CLANG_WARN_UNREACHABLE_CODE = YES;
				CLANG_WARN__DUPLICATE_METHOD_MATCH = YES;
				COPY_PHASE_STRIP = NO;
				DEBUG_INFORMATION_FORMAT = dwarf;
				ENABLE_STRICT_OBJC_MSGSEND = YES;
				ENABLE_TESTABILITY = YES;
				GCC_C_LANGUAGE_STANDARD = gnu11;
				GCC_DYNAMIC_NO_PIC = NO;
				GCC_NO_COMMON_BLOCKS = YES;
				GCC_OPTIMIZATION_LEVEL = 0;
				GCC_PREPROCESSOR_DEFINITIONS = (
					"DEBUG=1",
					"$(inherited)",
				);
				GCC_WARN_64_TO_32_BIT_CONVERSION = YES;
				GCC_WARN_ABOUT_RETURN_TYPE = YES_ERROR;
				GCC_WARN_UNDECLARED_SELECTOR = YES;
				GCC_WARN_UNINITIALIZED_AUTOS = YES_AGGRESSIVE;
				GCC_WARN_UNUSED_FUNCTION = YES;
				GCC_WARN_UNUSED_VARIABLE = YES;
				IPHONEOS_DEPLOYMENT_TARGET = 13.5;
				MTL_ENABLE_DEBUG_INFO = INCLUDE_SOURCE;
				MTL_FAST_MATH = YES;
				ONLY_ACTIVE_ARCH = YES;
				SDKROOT = iphoneos;
				SWIFT_ACTIVE_COMPILATION_CONDITIONS = DEBUG;
				SWIFT_OPTIMIZATION_LEVEL = "-Onone";
			};
			name = Debug;
		};
		3567BBEF24B4A9C4009C6F14 /* Release */ = {
			isa = XCBuildConfiguration;
			buildSettings = {
				ALWAYS_SEARCH_USER_PATHS = NO;
				CLANG_ANALYZER_NONNULL = YES;
				CLANG_ANALYZER_NUMBER_OBJECT_CONVERSION = YES_AGGRESSIVE;
				CLANG_CXX_LANGUAGE_STANDARD = "gnu++14";
				CLANG_CXX_LIBRARY = "libc++";
				CLANG_ENABLE_MODULES = YES;
				CLANG_ENABLE_OBJC_ARC = YES;
				CLANG_ENABLE_OBJC_WEAK = YES;
				CLANG_WARN_BLOCK_CAPTURE_AUTORELEASING = YES;
				CLANG_WARN_BOOL_CONVERSION = YES;
				CLANG_WARN_COMMA = YES;
				CLANG_WARN_CONSTANT_CONVERSION = YES;
				CLANG_WARN_DEPRECATED_OBJC_IMPLEMENTATIONS = YES;
				CLANG_WARN_DIRECT_OBJC_ISA_USAGE = YES_ERROR;
				CLANG_WARN_DOCUMENTATION_COMMENTS = YES;
				CLANG_WARN_EMPTY_BODY = YES;
				CLANG_WARN_ENUM_CONVERSION = YES;
				CLANG_WARN_INFINITE_RECURSION = YES;
				CLANG_WARN_INT_CONVERSION = YES;
				CLANG_WARN_NON_LITERAL_NULL_CONVERSION = YES;
				CLANG_WARN_OBJC_IMPLICIT_RETAIN_SELF = YES;
				CLANG_WARN_OBJC_LITERAL_CONVERSION = YES;
				CLANG_WARN_OBJC_ROOT_CLASS = YES_ERROR;
				CLANG_WARN_RANGE_LOOP_ANALYSIS = YES;
				CLANG_WARN_STRICT_PROTOTYPES = YES;
				CLANG_WARN_SUSPICIOUS_MOVE = YES;
				CLANG_WARN_UNGUARDED_AVAILABILITY = YES_AGGRESSIVE;
				CLANG_WARN_UNREACHABLE_CODE = YES;
				CLANG_WARN__DUPLICATE_METHOD_MATCH = YES;
				COPY_PHASE_STRIP = NO;
				DEBUG_INFORMATION_FORMAT = "dwarf-with-dsym";
				ENABLE_NS_ASSERTIONS = NO;
				ENABLE_STRICT_OBJC_MSGSEND = YES;
				GCC_C_LANGUAGE_STANDARD = gnu11;
				GCC_NO_COMMON_BLOCKS = YES;
				GCC_WARN_64_TO_32_BIT_CONVERSION = YES;
				GCC_WARN_ABOUT_RETURN_TYPE = YES_ERROR;
				GCC_WARN_UNDECLARED_SELECTOR = YES;
				GCC_WARN_UNINITIALIZED_AUTOS = YES_AGGRESSIVE;
				GCC_WARN_UNUSED_FUNCTION = YES;
				GCC_WARN_UNUSED_VARIABLE = YES;
				IPHONEOS_DEPLOYMENT_TARGET = 13.5;
				MTL_ENABLE_DEBUG_INFO = NO;
				MTL_FAST_MATH = YES;
				SDKROOT = iphoneos;
				SWIFT_COMPILATION_MODE = wholemodule;
				SWIFT_OPTIMIZATION_LEVEL = "-O";
				VALIDATE_PRODUCT = YES;
			};
			name = Release;
		};
		3567BBF124B4A9C4009C6F14 /* Debug */ = {
			isa = XCBuildConfiguration;
			buildSettings = {
				ASSETCATALOG_COMPILER_APPICON_NAME = AppIcon;
				CODE_SIGN_STYLE = Automatic;
				INFOPLIST_FILE = "What'sThatWhistle?/Info.plist";
				LD_RUNPATH_SEARCH_PATHS = (
					"$(inherited)",
					"@executable_path/Frameworks",
				);
				PRODUCT_BUNDLE_IDENTIFIER = "com.example.stanford.What-sThatWhistle-";
				PRODUCT_NAME = "$(TARGET_NAME)";
				SWIFT_VERSION = 5.0;
				TARGETED_DEVICE_FAMILY = "1,2";
			};
			name = Debug;
		};
		3567BBF224B4A9C4009C6F14 /* Release */ = {
			isa = XCBuildConfiguration;
			buildSettings = {
				ASSETCATALOG_COMPILER_APPICON_NAME = AppIcon;
				CODE_SIGN_STYLE = Automatic;
				INFOPLIST_FILE = "What'sThatWhistle?/Info.plist";
				LD_RUNPATH_SEARCH_PATHS = (
					"$(inherited)",
					"@executable_path/Frameworks",
				);
				PRODUCT_BUNDLE_IDENTIFIER = "com.example.stanford.What-sThatWhistle-";
				PRODUCT_NAME = "$(TARGET_NAME)";
				SWIFT_VERSION = 5.0;
				TARGETED_DEVICE_FAMILY = "1,2";
			};
			name = Release;
		};
/* End XCBuildConfiguration section */

/* Begin XCConfigurationList section */
		3567BBD724B4A9BF009C6F14 /* Build configuration list for PBXProject "What'sThatWhistle?" */ = {
			isa = XCConfigurationList;
			buildConfigurations = (
				3567BBEE24B4A9C4009C6F14 /* Debug */,
				3567BBEF24B4A9C4009C6F14 /* Release */,
			);
			defaultConfigurationIsVisible = 0;
			defaultConfigurationName = Release;
		};
		3567BBF024B4A9C4009C6F14 /* Build configuration list for PBXNativeTarget "What'sThatWhistle?" */ = {
			isa = XCConfigurationList;
			buildConfigurations = (
				3567BBF124B4A9C4009C6F14 /* Debug */,
				3567BBF224B4A9C4009C6F14 /* Release */,
			);
			defaultConfigurationIsVisible = 0;
			defaultConfigurationName = Release;
		};
/* End XCConfigurationList section */
	};
	rootObject = 3567BBD424B4A9BF009C6F14 /* Project object */;
}
